
Microsoft Visual Studio Solution File, Format Version 12.00
# Visual Studio Version 17
VisualStudioVersion = 17.4.33213.308
MinimumVisualStudioVersion = 10.0.40219.1
Project("{9A19103F-16F7-4668-BE54-9A1E7A4F7556}") = "GranblueBreadTournaments", "GranblueBreadTournaments\GranblueBreadTournaments.csproj", "{D2DFE2E7-6A6C-4A3E-95F4-1C5B5DC2892F}"
EndProject
Project("{FAE04EC0-301F-11D3-BF4B-00C04F79EFBC}") = "GranBreadTournaments", "GranBreadTournaments\GranBreadTournaments.csproj", "{94B02A14-9565-4854-A3E8-139E82C39DC6}"
EndProject
Project("{FAE04EC0-301F-11D3-BF4B-00C04F79EFBC}") = "GranBreadTracker", "GranBreadTracker\GranBreadTracker.csproj", "{3C9B1E5F-C6FA-40F2-9D22-8A30E337AFFF}"
EndProject
Global
	GlobalSection(SolutionConfigurationPlatforms) = preSolution
		Debug|Any CPU = Debug|Any CPU
		Release|Any CPU = Release|Any CPU
	EndGlobalSection
	GlobalSection(ProjectConfigurationPlatforms) = postSolution
		{D2DFE2E7-6A6C-4A3E-95F4-1C5B5DC2892F}.Debug|Any CPU.ActiveCfg = Debug|Any CPU
		{D2DFE2E7-6A6C-4A3E-95F4-1C5B5DC2892F}.Debug|Any CPU.Build.0 = Debug|Any CPU
		{D2DFE2E7-6A6C-4A3E-95F4-1C5B5DC2892F}.Release|Any CPU.ActiveCfg = Release|Any CPU
		{D2DFE2E7-6A6C-4A3E-95F4-1C5B5DC2892F}.Release|Any CPU.Build.0 = Release|Any CPU
		{94B02A14-9565-4854-A3E8-139E82C39DC6}.Debug|Any CPU.ActiveCfg = Debug|Any CPU
		{94B02A14-9565-4854-A3E8-139E82C39DC6}.Debug|Any CPU.Build.0 = Debug|Any CPU
		{94B02A14-9565-4854-A3E8-139E82C39DC6}.Release|Any CPU.ActiveCfg = Release|Any CPU
		{94B02A14-9565-4854-A3E8-139E82C39DC6}.Release|Any CPU.Build.0 = Release|Any CPU
		{3C9B1E5F-C6FA-40F2-9D22-8A30E337AFFF}.Debug|Any CPU.ActiveCfg = Debug|Any CPU
		{3C9B1E5F-C6FA-40F2-9D22-8A30E337AFFF}.Debug|Any CPU.Build.0 = Debug|Any CPU
		{3C9B1E5F-C6FA-40F2-9D22-8A30E337AFFF}.Release|Any CPU.ActiveCfg = Release|Any CPU
		{3C9B1E5F-C6FA-40F2-9D22-8A30E337AFFF}.Release|Any CPU.Build.0 = Release|Any CPU
	EndGlobalSection
	GlobalSection(SolutionProperties) = preSolution
		HideSolutionNode = FALSE
	EndGlobalSection
	GlobalSection(ExtensibilityGlobals) = postSolution
		SolutionGuid = {D70AC69F-C069-48C2-843A-6052BFF75C8B}
	EndGlobalSection
EndGlobal
